// !$*UTF8*$!
{
	archiveVersion = 1;
	classes = {
	};
	objectVersion = 50;
	objects = {

/* Begin PBXBuildFile section */
		BD7D795E2343EB48003785DE /* RecommededCardsModule.framework in Frameworks */ = {isa = PBXBuildFile; fileRef = BD7D79542343EB48003785DE /* RecommededCardsModule.framework */; };
		BD7D79632343EB48003785DE /* RecommededCardsModuleTests.swift in Sources */ = {isa = PBXBuildFile; fileRef = BD7D79622343EB48003785DE /* RecommededCardsModuleTests.swift */; };
		BD7D79652343EB48003785DE /* RecommededCardsModule.h in Headers */ = {isa = PBXBuildFile; fileRef = BD7D79572343EB48003785DE /* RecommededCardsModule.h */; settings = {ATTRIBUTES = (Public, ); }; };
/* End PBXBuildFile section */

/* Begin PBXContainerItemProxy section */
		BD7D795F2343EB48003785DE /* PBXContainerItemProxy */ = {
			isa = PBXContainerItemProxy;
			containerPortal = BD7D794B2343EB48003785DE /* Project object */;
			proxyType = 1;
			remoteGlobalIDString = BD7D79532343EB48003785DE;
			remoteInfo = RecommededCardsModule;
		};
/* End PBXContainerItemProxy section */

/* Begin PBXFileReference section */
		BD7D79542343EB48003785DE /* RecommededCardsModule.framework */ = {isa = PBXFileReference; explicitFileType = wrapper.framework; includeInIndex = 0; path = RecommededCardsModule.framework; sourceTree = BUILT_PRODUCTS_DIR; };
		BD7D79572343EB48003785DE /* RecommededCardsModule.h */ = {isa = PBXFileReference; lastKnownFileType = sourcecode.c.h; path = RecommededCardsModule.h; sourceTree = "<group>"; };
		BD7D79582343EB48003785DE /* Info.plist */ = {isa = PBXFileReference; lastKnownFileType = text.plist.xml; path = Info.plist; sourceTree = "<group>"; };
		BD7D795D2343EB48003785DE /* RecommededCardsModuleTests.xctest */ = {isa = PBXFileReference; explicitFileType = wrapper.cfbundle; includeInIndex = 0; path = RecommededCardsModuleTests.xctest; sourceTree = BUILT_PRODUCTS_DIR; };
		BD7D79622343EB48003785DE /* RecommededCardsModuleTests.swift */ = {isa = PBXFileReference; lastKnownFileType = sourcecode.swift; path = RecommededCardsModuleTests.swift; sourceTree = "<group>"; };
		BD7D79642343EB48003785DE /* Info.plist */ = {isa = PBXFileReference; lastKnownFileType = text.plist.xml; path = Info.plist; sourceTree = "<group>"; };
/* End PBXFileReference section */

/* Begin PBXFrameworksBuildPhase section */
		BD7D79512343EB48003785DE /* Frameworks */ = {
			isa = PBXFrameworksBuildPhase;
			buildActionMask = 2147483647;
			files = (
			);
			runOnlyForDeploymentPostprocessing = 0;
		};
		BD7D795A2343EB48003785DE /* Frameworks */ = {
			isa = PBXFrameworksBuildPhase;
			buildActionMask = 2147483647;
			files = (
				BD7D795E2343EB48003785DE /* RecommededCardsModule.framework in Frameworks */,
			);
			runOnlyForDeploymentPostprocessing = 0;
		};
/* End PBXFrameworksBuildPhase section */

/* Begin PBXGroup section */
		BD7D794A2343EB48003785DE = {
			isa = PBXGroup;
			children = (
				BD7D79562343EB48003785DE /* RecommededCardsModule */,
				BD7D79612343EB48003785DE /* RecommededCardsModuleTests */,
				BD7D79552343EB48003785DE /* Products */,
			);
			sourceTree = "<group>";
		};
		BD7D79552343EB48003785DE /* Products */ = {
			isa = PBXGroup;
			children = (
				BD7D79542343EB48003785DE /* RecommededCardsModule.framework */,
				BD7D795D2343EB48003785DE /* RecommededCardsModuleTests.xctest */,
			);
			name = Products;
			sourceTree = "<group>";
		};
		BD7D79562343EB48003785DE /* RecommededCardsModule */ = {
			isa = PBXGroup;
			children = (
				BD7D79572343EB48003785DE /* RecommededCardsModule.h */,
				BD7D79582343EB48003785DE /* Info.plist */,
			);
			path = RecommededCardsModule;
			sourceTree = "<group>";
		};
		BD7D79612343EB48003785DE /* RecommededCardsModuleTests */ = {
			isa = PBXGroup;
			children = (
				BD7D79622343EB48003785DE /* RecommededCardsModuleTests.swift */,
				BD7D79642343EB48003785DE /* Info.plist */,
			);
			path = RecommededCardsModuleTests;
			sourceTree = "<group>";
		};
/* End PBXGroup section */

/* Begin PBXHeadersBuildPhase section */
		BD7D794F2343EB48003785DE /* Headers */ = {
			isa = PBXHeadersBuildPhase;
			buildActionMask = 2147483647;
			files = (
				BD7D79652343EB48003785DE /* RecommededCardsModule.h in Headers */,
			);
			runOnlyForDeploymentPostprocessing = 0;
		};
/* End PBXHeadersBuildPhase section */

/* Begin PBXNativeTarget section */
		BD7D79532343EB48003785DE /* RecommededCardsModule */ = {
			isa = PBXNativeTarget;
			buildConfigurationList = BD7D79682343EB48003785DE /* Build configuration list for PBXNativeTarget "RecommededCardsModule" */;
			buildPhases = (
				BD7D794F2343EB48003785DE /* Headers */,
				BD7D79502343EB48003785DE /* Sources */,
				BD7D79512343EB48003785DE /* Frameworks */,
				BD7D79522343EB48003785DE /* Resources */,
				BD7D796E2343EB5B003785DE /* ShellScript */,
			);
			buildRules = (
			);
			dependencies = (
			);
			name = RecommededCardsModule;
			productName = RecommededCardsModule;
			productReference = BD7D79542343EB48003785DE /* RecommededCardsModule.framework */;
			productType = "com.apple.product-type.framework";
		};
		BD7D795C2343EB48003785DE /* RecommededCardsModuleTests */ = {
			isa = PBXNativeTarget;
			buildConfigurationList = BD7D796B2343EB48003785DE /* Build configuration list for PBXNativeTarget "RecommededCardsModuleTests" */;
			buildPhases = (
				BD7D79592343EB48003785DE /* Sources */,
				BD7D795A2343EB48003785DE /* Frameworks */,
				BD7D795B2343EB48003785DE /* Resources */,
			);
			buildRules = (
			);
			dependencies = (
				BD7D79602343EB48003785DE /* PBXTargetDependency */,
			);
			name = RecommededCardsModuleTests;
			productName = RecommededCardsModuleTests;
			productReference = BD7D795D2343EB48003785DE /* RecommededCardsModuleTests.xctest */;
			productType = "com.apple.product-type.bundle.unit-test";
		};
/* End PBXNativeTarget section */

/* Begin PBXProject section */
		BD7D794B2343EB48003785DE /* Project object */ = {
			isa = PBXProject;
			attributes = {
				LastSwiftUpdateCheck = 1030;
				LastUpgradeCheck = 1030;
				ORGANIZATIONNAME = matheus.filipe.bispo;
				TargetAttributes = {
					BD7D79532343EB48003785DE = {
						CreatedOnToolsVersion = 10.3;
					};
					BD7D795C2343EB48003785DE = {
						CreatedOnToolsVersion = 10.3;
					};
				};
			};
			buildConfigurationList = BD7D794E2343EB48003785DE /* Build configuration list for PBXProject "RecommededCardsModule" */;
			compatibilityVersion = "Xcode 9.3";
			developmentRegion = en;
			hasScannedForEncodings = 0;
			knownRegions = (
				en,
			);
			mainGroup = BD7D794A2343EB48003785DE;
			productRefGroup = BD7D79552343EB48003785DE /* Products */;
			projectDirPath = "";
			projectRoot = "";
			targets = (
				BD7D79532343EB48003785DE /* RecommededCardsModule */,
				BD7D795C2343EB48003785DE /* RecommededCardsModuleTests */,
			);
		};
/* End PBXProject section */

/* Begin PBXResourcesBuildPhase section */
		BD7D79522343EB48003785DE /* Resources */ = {
			isa = PBXResourcesBuildPhase;
			buildActionMask = 2147483647;
			files = (
			);
			runOnlyForDeploymentPostprocessing = 0;
		};
		BD7D795B2343EB48003785DE /* Resources */ = {
			isa = PBXResourcesBuildPhase;
			buildActionMask = 2147483647;
			files = (
			);
			runOnlyForDeploymentPostprocessing = 0;
		};
/* End PBXResourcesBuildPhase section */

/* Begin PBXShellScriptBuildPhase section */
		BD7D796E2343EB5B003785DE /* ShellScript */ = {
			isa = PBXShellScriptBuildPhase;
			buildActionMask = 2147483647;
			files = (
			);
			inputFileListPaths = (
			);
			inputPaths = (
			);
			outputFileListPaths = (
			);
			outputPaths = (
			);
			runOnlyForDeploymentPostprocessing = 0;
			shellPath = /bin/sh;
			shellScript = "if which swiftlint >/dev/null; then\nswiftlint\nelse\necho “warning: SwiftLint not installed, download from https://github.com/realm/SwiftLint”\nfi\n";
		};
/* End PBXShellScriptBuildPhase section */

/* Begin PBXSourcesBuildPhase section */
		BD7D79502343EB48003785DE /* Sources */ = {
			isa = PBXSourcesBuildPhase;
			buildActionMask = 2147483647;
			files = (
			);
			runOnlyForDeploymentPostprocessing = 0;
		};
		BD7D79592343EB48003785DE /* Sources */ = {
			isa = PBXSourcesBuildPhase;
			buildActionMask = 2147483647;
			files = (
				BD7D79632343EB48003785DE /* RecommededCardsModuleTests.swift in Sources */,
			);
			runOnlyForDeploymentPostprocessing = 0;
		};
/* End PBXSourcesBuildPhase section */

/* Begin PBXTargetDependency section */
		BD7D79602343EB48003785DE /* PBXTargetDependency */ = {
			isa = PBXTargetDependency;
			target = BD7D79532343EB48003785DE /* RecommededCardsModule */;
			targetProxy = BD7D795F2343EB48003785DE /* PBXContainerItemProxy */;
		};
/* End PBXTargetDependency section */

/* Begin XCBuildConfiguration section */
		BD7D79662343EB48003785DE /* Debug */ = {
			isa = XCBuildConfiguration;
			buildSettings = {
				ALWAYS_SEARCH_USER_PATHS = NO;
				CLANG_ANALYZER_NONNULL = YES;
				CLANG_ANALYZER_NUMBER_OBJECT_CONVERSION = YES_AGGRESSIVE;
				CLANG_CXX_LANGUAGE_STANDARD = "gnu++14";
				CLANG_CXX_LIBRARY = "libc++";
				CLANG_ENABLE_MODULES = YES;
				CLANG_ENABLE_OBJC_ARC = YES;
				CLANG_ENABLE_OBJC_WEAK = YES;
				CLANG_WARN_BLOCK_CAPTURE_AUTORELEASING = YES;
				CLANG_WARN_BOOL_CONVERSION = YES;
				CLANG_WARN_COMMA = YES;
				CLANG_WARN_CONSTANT_CONVERSION = YES;
				CLANG_WARN_DEPRECATED_OBJC_IMPLEMENTATIONS = YES;
				CLANG_WARN_DIRECT_OBJC_ISA_USAGE = YES_ERROR;
				CLANG_WARN_DOCUMENTATION_COMMENTS = YES;
				CLANG_WARN_EMPTY_BODY = YES;
				CLANG_WARN_ENUM_CONVERSION = YES;
				CLANG_WARN_INFINITE_RECURSION = YES;
				CLANG_WARN_INT_CONVERSION = YES;
				CLANG_WARN_NON_LITERAL_NULL_CONVERSION = YES;
				CLANG_WARN_OBJC_IMPLICIT_RETAIN_SELF = YES;
				CLANG_WARN_OBJC_LITERAL_CONVERSION = YES;
				CLANG_WARN_OBJC_ROOT_CLASS = YES_ERROR;
				CLANG_WARN_RANGE_LOOP_ANALYSIS = YES;
				CLANG_WARN_STRICT_PROTOTYPES = YES;
				CLANG_WARN_SUSPICIOUS_MOVE = YES;
				CLANG_WARN_UNGUARDED_AVAILABILITY = YES_AGGRESSIVE;
				CLANG_WARN_UNREACHABLE_CODE = YES;
				CLANG_WARN__DUPLICATE_METHOD_MATCH = YES;
				CODE_SIGN_IDENTITY = "iPhone Developer";
				COPY_PHASE_STRIP = NO;
				CURRENT_PROJECT_VERSION = 1;
				DEBUG_INFORMATION_FORMAT = dwarf;
				ENABLE_STRICT_OBJC_MSGSEND = YES;
				ENABLE_TESTABILITY = YES;
				GCC_C_LANGUAGE_STANDARD = gnu11;
				GCC_DYNAMIC_NO_PIC = NO;
				GCC_NO_COMMON_BLOCKS = YES;
				GCC_OPTIMIZATION_LEVEL = 0;
				GCC_PREPROCESSOR_DEFINITIONS = (
					"DEBUG=1",
					"$(inherited)",
				);
				GCC_WARN_64_TO_32_BIT_CONVERSION = YES;
				GCC_WARN_ABOUT_RETURN_TYPE = YES_ERROR;
				GCC_WARN_UNDECLARED_SELECTOR = YES;
				GCC_WARN_UNINITIALIZED_AUTOS = YES_AGGRESSIVE;
				GCC_WARN_UNUSED_FUNCTION = YES;
				GCC_WARN_UNUSED_VARIABLE = YES;
				IPHONEOS_DEPLOYMENT_TARGET = 12.4;
				MTL_ENABLE_DEBUG_INFO = INCLUDE_SOURCE;
				MTL_FAST_MATH = YES;
				ONLY_ACTIVE_ARCH = YES;
				SDKROOT = iphoneos;
				SWIFT_ACTIVE_COMPILATION_CONDITIONS = DEBUG;
				SWIFT_OPTIMIZATION_LEVEL = "-Onone";
				VERSIONING_SYSTEM = "apple-generic";
				VERSION_INFO_PREFIX = "";
			};
			name = Debug;
		};
		BD7D79672343EB48003785DE /* Release */ = {
			isa = XCBuildConfiguration;
			buildSettings = {
				ALWAYS_SEARCH_USER_PATHS = NO;
				CLANG_ANALYZER_NONNULL = YES;
				CLANG_ANALYZER_NUMBER_OBJECT_CONVERSION = YES_AGGRESSIVE;
				CLANG_CXX_LANGUAGE_STANDARD = "gnu++14";
				CLANG_CXX_LIBRARY = "libc++";
				CLANG_ENABLE_MODULES = YES;
				CLANG_ENABLE_OBJC_ARC = YES;
				CLANG_ENABLE_OBJC_WEAK = YES;
				CLANG_WARN_BLOCK_CAPTURE_AUTORELEASING = YES;
				CLANG_WARN_BOOL_CONVERSION = YES;
				CLANG_WARN_COMMA = YES;
				CLANG_WARN_CONSTANT_CONVERSION = YES;
				CLANG_WARN_DEPRECATED_OBJC_IMPLEMENTATIONS = YES;
				CLANG_WARN_DIRECT_OBJC_ISA_USAGE = YES_ERROR;
				CLANG_WARN_DOCUMENTATION_COMMENTS = YES;
				CLANG_WARN_EMPTY_BODY = YES;
				CLANG_WARN_ENUM_CONVERSION = YES;
				CLANG_WARN_INFINITE_RECURSION = YES;
				CLANG_WARN_INT_CONVERSION = YES;
				CLANG_WARN_NON_LITERAL_NULL_CONVERSION = YES;
				CLANG_WARN_OBJC_IMPLICIT_RETAIN_SELF = YES;
				CLANG_WARN_OBJC_LITERAL_CONVERSION = YES;
				CLANG_WARN_OBJC_ROOT_CLASS = YES_ERROR;
				CLANG_WARN_RANGE_LOOP_ANALYSIS = YES;
				CLANG_WARN_STRICT_PROTOTYPES = YES;
				CLANG_WARN_SUSPICIOUS_MOVE = YES;
				CLANG_WARN_UNGUARDED_AVAILABILITY = YES_AGGRESSIVE;
				CLANG_WARN_UNREACHABLE_CODE = YES;
				CLANG_WARN__DUPLICATE_METHOD_MATCH = YES;
				CODE_SIGN_IDENTITY = "iPhone Developer";
				COPY_PHASE_STRIP = NO;
				CURRENT_PROJECT_VERSION = 1;
				DEBUG_INFORMATION_FORMAT = "dwarf-with-dsym";
				ENABLE_NS_ASSERTIONS = NO;
				ENABLE_STRICT_OBJC_MSGSEND = YES;
				GCC_C_LANGUAGE_STANDARD = gnu11;
				GCC_NO_COMMON_BLOCKS = YES;
				GCC_WARN_64_TO_32_BIT_CONVERSION = YES;
				GCC_WARN_ABOUT_RETURN_TYPE = YES_ERROR;
				GCC_WARN_UNDECLARED_SELECTOR = YES;
				GCC_WARN_UNINITIALIZED_AUTOS = YES_AGGRESSIVE;
				GCC_WARN_UNUSED_FUNCTION = YES;
				GCC_WARN_UNUSED_VARIABLE = YES;
				IPHONEOS_DEPLOYMENT_TARGET = 12.4;
				MTL_ENABLE_DEBUG_INFO = NO;
				MTL_FAST_MATH = YES;
				SDKROOT = iphoneos;
				SWIFT_COMPILATION_MODE = wholemodule;
				SWIFT_OPTIMIZATION_LEVEL = "-O";
				VALIDATE_PRODUCT = YES;
				VERSIONING_SYSTEM = "apple-generic";
				VERSION_INFO_PREFIX = "";
			};
			name = Release;
		};
		BD7D79692343EB48003785DE /* Debug */ = {
			isa = XCBuildConfiguration;
			buildSettings = {
				CODE_SIGN_IDENTITY = "";
				CODE_SIGN_STYLE = Automatic;
				DEFINES_MODULE = YES;
				DEVELOPMENT_TEAM = DVMDCJRNKS;
				DYLIB_COMPATIBILITY_VERSION = 1;
				DYLIB_CURRENT_VERSION = 1;
				DYLIB_INSTALL_NAME_BASE = "@rpath";
				INFOPLIST_FILE = RecommededCardsModule/Info.plist;
				INSTALL_PATH = "$(LOCAL_LIBRARY_DIR)/Frameworks";
				LD_RUNPATH_SEARCH_PATHS = (
					"$(inherited)",
					"@executable_path/Frameworks",
					"@loader_path/Frameworks",
				);
				PRODUCT_BUNDLE_IDENTIFIER = br.com.bispo.RecommededCardsModule;
				PRODUCT_NAME = "$(TARGET_NAME:c99extidentifier)";
				SKIP_INSTALL = YES;
				SWIFT_VERSION = 5.0;
				TARGETED_DEVICE_FAMILY = "1,2";
			};
			name = Debug;
		};
		BD7D796A2343EB48003785DE /* Release */ = {
			isa = XCBuildConfiguration;
			buildSettings = {
				CODE_SIGN_IDENTITY = "";
				CODE_SIGN_STYLE = Automatic;
				DEFINES_MODULE = YES;
				DEVELOPMENT_TEAM = DVMDCJRNKS;
				DYLIB_COMPATIBILITY_VERSION = 1;
				DYLIB_CURRENT_VERSION = 1;
				DYLIB_INSTALL_NAME_BASE = "@rpath";
				INFOPLIST_FILE = RecommededCardsModule/Info.plist;
				INSTALL_PATH = "$(LOCAL_LIBRARY_DIR)/Frameworks";
				LD_RUNPATH_SEARCH_PATHS = (
					"$(inherited)",
					"@executable_path/Frameworks",
					"@loader_path/Frameworks",
				);
				PRODUCT_BUNDLE_IDENTIFIER = br.com.bispo.RecommededCardsModule;
				PRODUCT_NAME = "$(TARGET_NAME:c99extidentifier)";
				SKIP_INSTALL = YES;
				SWIFT_VERSION = 5.0;
				TARGETED_DEVICE_FAMILY = "1,2";
			};
			name = Release;
		};
		BD7D796C2343EB48003785DE /* Debug */ = {
			isa = XCBuildConfiguration;
			buildSettings = {
				CODE_SIGN_STYLE = Automatic;
				DEVELOPMENT_TEAM = DVMDCJRNKS;
				INFOPLIST_FILE = RecommededCardsModuleTests/Info.plist;
				LD_RUNPATH_SEARCH_PATHS = (
					"$(inherited)",
					"@executable_path/Frameworks",
					"@loader_path/Frameworks",
				);
				PRODUCT_BUNDLE_IDENTIFIER = br.com.bispo.RecommededCardsModuleTests;
				PRODUCT_NAME = "$(TARGET_NAME)";
				SWIFT_VERSION = 5.0;
				TARGETED_DEVICE_FAMILY = "1,2";
			};
			name = Debug;
		};
		BD7D796D2343EB48003785DE /* Release */ = {
			isa = XCBuildConfiguration;
			buildSettings = {
				CODE_SIGN_STYLE = Automatic;
				DEVELOPMENT_TEAM = DVMDCJRNKS;
				INFOPLIST_FILE = RecommededCardsModuleTests/Info.plist;
				LD_RUNPATH_SEARCH_PATHS = (
					"$(inherited)",
					"@executable_path/Frameworks",
					"@loader_path/Frameworks",
				);
				PRODUCT_BUNDLE_IDENTIFIER = br.com.bispo.RecommededCardsModuleTests;
				PRODUCT_NAME = "$(TARGET_NAME)";
				SWIFT_VERSION = 5.0;
				TARGETED_DEVICE_FAMILY = "1,2";
			};
			name = Release;
		};
/* End XCBuildConfiguration section */

/* Begin XCConfigurationList section */
		BD7D794E2343EB48003785DE /* Build configuration list for PBXProject "RecommededCardsModule" */ = {
			isa = XCConfigurationList;
			buildConfigurations = (
				BD7D79662343EB48003785DE /* Debug */,
				BD7D79672343EB48003785DE /* Release */,
			);
			defaultConfigurationIsVisible = 0;
			defaultConfigurationName = Release;
		};
		BD7D79682343EB48003785DE /* Build configuration list for PBXNativeTarget "RecommededCardsModule" */ = {
			isa = XCConfigurationList;
			buildConfigurations = (
				BD7D79692343EB48003785DE /* Debug */,
				BD7D796A2343EB48003785DE /* Release */,
			);
			defaultConfigurationIsVisible = 0;
			defaultConfigurationName = Release;
		};
		BD7D796B2343EB48003785DE /* Build configuration list for PBXNativeTarget "RecommededCardsModuleTests" */ = {
			isa = XCConfigurationList;
			buildConfigurations = (
				BD7D796C2343EB48003785DE /* Debug */,
				BD7D796D2343EB48003785DE /* Release */,
			);
			defaultConfigurationIsVisible = 0;
			defaultConfigurationName = Release;
		};
/* End XCConfigurationList section */
	};
	rootObject = BD7D794B2343EB48003785DE /* Project object */;
}
